
Microsoft Visual Studio Solution File, Format Version 12.00
# Visual Studio Version 16
VisualStudioVersion = 16.0.30611.23
MinimumVisualStudioVersion = 10.0.40219.1
Project("{FAE04EC0-301F-11D3-BF4B-00C04F79EFBC}") = "polibey", "polibey\polibey.csproj", "{3310C684-B7F5-4C11-A1FD-9E0C4727387B}"
EndProject
Global
	GlobalSection(SolutionConfigurationPlatforms) = preSolution
		Debug|Any CPU = Debug|Any CPU
		Release|Any CPU = Release|Any CPU
	EndGlobalSection
	GlobalSection(ProjectConfigurationPlatforms) = postSolution
		{3310C684-B7F5-4C11-A1FD-9E0C4727387B}.Debug|Any CPU.ActiveCfg = Debug|Any CPU
		{3310C684-B7F5-4C11-A1FD-9E0C4727387B}.Debug|Any CPU.Build.0 = Debug|Any CPU
		{3310C684-B7F5-4C11-A1FD-9E0C4727387B}.Release|Any CPU.ActiveCfg = Release|Any CPU
		{3310C684-B7F5-4C11-A1FD-9E0C4727387B}.Release|Any CPU.Build.0 = Release|Any CPU
	EndGlobalSection
	GlobalSection(SolutionProperties) = preSolution
		HideSolutionNode = FALSE
	EndGlobalSection
	GlobalSection(ExtensibilityGlobals) = postSolution
		SolutionGuid = {30DA2E28-9665-45B0-8DDC-AF11BC4546A7}
	EndGlobalSection
EndGlobal
